// !$*UTF8*$!
{
	archiveVersion = 1;
	classes = {
	};
	objectVersion = 50;
	objects = {

/* Begin PBXBuildFile section */
		FE41A2A8256D014100EF4508 /* AppDelegate.swift in Sources */ = {isa = PBXBuildFile; fileRef = FE41A2A7256D014100EF4508 /* AppDelegate.swift */; };
		FE41A2AA256D014100EF4508 /* SceneDelegate.swift in Sources */ = {isa = PBXBuildFile; fileRef = FE41A2A9256D014100EF4508 /* SceneDelegate.swift */; };
		FE41A2AC256D014100EF4508 /* ViewController.swift in Sources */ = {isa = PBXBuildFile; fileRef = FE41A2AB256D014100EF4508 /* ViewController.swift */; };
		FE41A2B1256D014400EF4508 /* Assets.xcassets in Resources */ = {isa = PBXBuildFile; fileRef = FE41A2B0256D014400EF4508 /* Assets.xcassets */; };
		FE41A2B4256D014400EF4508 /* LaunchScreen.storyboard in Resources */ = {isa = PBXBuildFile; fileRef = FE41A2B2256D014400EF4508 /* LaunchScreen.storyboard */; };
		FE41A2BF256D014400EF4508 /* codingChallange2Tests.swift in Sources */ = {isa = PBXBuildFile; fileRef = FE41A2BE256D014400EF4508 /* codingChallange2Tests.swift */; };
		FE41A2CA256D014400EF4508 /* codingChallange2UITests.swift in Sources */ = {isa = PBXBuildFile; fileRef = FE41A2C9256D014400EF4508 /* codingChallange2UITests.swift */; };
		FE41A2E4256D028900EF4508 /* usSenators.json in Resources */ = {isa = PBXBuildFile; fileRef = FE41A2E3256D028900EF4508 /* usSenators.json */; };
		FE41A2EC256D036E00EF4508 /* Coordinator.swift in Sources */ = {isa = PBXBuildFile; fileRef = FE41A2EB256D036E00EF4508 /* Coordinator.swift */; };
		FE41A2F1256D038B00EF4508 /* ContactListViewModel.swift in Sources */ = {isa = PBXBuildFile; fileRef = FE41A2F0256D038B00EF4508 /* ContactListViewModel.swift */; };
		FE41A2F6256D03A700EF4508 /* ContactListModel.swift in Sources */ = {isa = PBXBuildFile; fileRef = FE41A2F5256D03A700EF4508 /* ContactListModel.swift */; };
		FE41A2FB256D03D600EF4508 /* ContactListTableViewCell.swift in Sources */ = {isa = PBXBuildFile; fileRef = FE41A2FA256D03D600EF4508 /* ContactListTableViewCell.swift */; };
		FE41A300256D03FD00EF4508 /* ContactListViewController.swift in Sources */ = {isa = PBXBuildFile; fileRef = FE41A2FF256D03FD00EF4508 /* ContactListViewController.swift */; };
		FE41A305256D041A00EF4508 /* DetailsViewController.swift in Sources */ = {isa = PBXBuildFile; fileRef = FE41A304256D041A00EF4508 /* DetailsViewController.swift */; };
/* End PBXBuildFile section */

/* Begin PBXContainerItemProxy section */
		FE41A2BB256D014400EF4508 /* PBXContainerItemProxy */ = {
			isa = PBXContainerItemProxy;
			containerPortal = FE41A29C256D014100EF4508 /* Project object */;
			proxyType = 1;
			remoteGlobalIDString = FE41A2A3256D014100EF4508;
			remoteInfo = codingChallange2;
		};
		FE41A2C6256D014400EF4508 /* PBXContainerItemProxy */ = {
			isa = PBXContainerItemProxy;
			containerPortal = FE41A29C256D014100EF4508 /* Project object */;
			proxyType = 1;
			remoteGlobalIDString = FE41A2A3256D014100EF4508;
			remoteInfo = codingChallange2;
		};
/* End PBXContainerItemProxy section */

/* Begin PBXFileReference section */
		FE41A2A4256D014100EF4508 /* codingChallange2.app */ = {isa = PBXFileReference; explicitFileType = wrapper.application; includeInIndex = 0; path = codingChallange2.app; sourceTree = BUILT_PRODUCTS_DIR; };
		FE41A2A7256D014100EF4508 /* AppDelegate.swift */ = {isa = PBXFileReference; lastKnownFileType = sourcecode.swift; path = AppDelegate.swift; sourceTree = "<group>"; };
		FE41A2A9256D014100EF4508 /* SceneDelegate.swift */ = {isa = PBXFileReference; lastKnownFileType = sourcecode.swift; path = SceneDelegate.swift; sourceTree = "<group>"; };
		FE41A2AB256D014100EF4508 /* ViewController.swift */ = {isa = PBXFileReference; lastKnownFileType = sourcecode.swift; path = ViewController.swift; sourceTree = "<group>"; };
		FE41A2B0256D014400EF4508 /* Assets.xcassets */ = {isa = PBXFileReference; lastKnownFileType = folder.assetcatalog; path = Assets.xcassets; sourceTree = "<group>"; };
		FE41A2B3256D014400EF4508 /* Base */ = {isa = PBXFileReference; lastKnownFileType = file.storyboard; name = Base; path = Base.lproj/LaunchScreen.storyboard; sourceTree = "<group>"; };
		FE41A2B5256D014400EF4508 /* Info.plist */ = {isa = PBXFileReference; lastKnownFileType = text.plist.xml; path = Info.plist; sourceTree = "<group>"; };
		FE41A2BA256D014400EF4508 /* codingChallange2Tests.xctest */ = {isa = PBXFileReference; explicitFileType = wrapper.cfbundle; includeInIndex = 0; path = codingChallange2Tests.xctest; sourceTree = BUILT_PRODUCTS_DIR; };
		FE41A2BE256D014400EF4508 /* codingChallange2Tests.swift */ = {isa = PBXFileReference; lastKnownFileType = sourcecode.swift; path = codingChallange2Tests.swift; sourceTree = "<group>"; };
		FE41A2C0256D014400EF4508 /* Info.plist */ = {isa = PBXFileReference; lastKnownFileType = text.plist.xml; path = Info.plist; sourceTree = "<group>"; };
		FE41A2C5256D014400EF4508 /* codingChallange2UITests.xctest */ = {isa = PBXFileReference; explicitFileType = wrapper.cfbundle; includeInIndex = 0; path = codingChallange2UITests.xctest; sourceTree = BUILT_PRODUCTS_DIR; };
		FE41A2C9256D014400EF4508 /* codingChallange2UITests.swift */ = {isa = PBXFileReference; lastKnownFileType = sourcecode.swift; path = codingChallange2UITests.swift; sourceTree = "<group>"; };
		FE41A2CB256D014400EF4508 /* Info.plist */ = {isa = PBXFileReference; lastKnownFileType = text.plist.xml; path = Info.plist; sourceTree = "<group>"; };
		FE41A2E3256D028900EF4508 /* usSenators.json */ = {isa = PBXFileReference; fileEncoding = 4; lastKnownFileType = text.json; path = usSenators.json; sourceTree = "<group>"; };
		FE41A2EB256D036E00EF4508 /* Coordinator.swift */ = {isa = PBXFileReference; lastKnownFileType = sourcecode.swift; path = Coordinator.swift; sourceTree = "<group>"; };
		FE41A2F0256D038B00EF4508 /* ContactListViewModel.swift */ = {isa = PBXFileReference; lastKnownFileType = sourcecode.swift; path = ContactListViewModel.swift; sourceTree = "<group>"; };
		FE41A2F5256D03A700EF4508 /* ContactListModel.swift */ = {isa = PBXFileReference; lastKnownFileType = sourcecode.swift; path = ContactListModel.swift; sourceTree = "<group>"; };
		FE41A2FA256D03D600EF4508 /* ContactListTableViewCell.swift */ = {isa = PBXFileReference; lastKnownFileType = sourcecode.swift; path = ContactListTableViewCell.swift; sourceTree = "<group>"; };
		FE41A2FF256D03FD00EF4508 /* ContactListViewController.swift */ = {isa = PBXFileReference; lastKnownFileType = sourcecode.swift; path = ContactListViewController.swift; sourceTree = "<group>"; };
		FE41A304256D041A00EF4508 /* DetailsViewController.swift */ = {isa = PBXFileReference; lastKnownFileType = sourcecode.swift; path = DetailsViewController.swift; sourceTree = "<group>"; };
/* End PBXFileReference section */

/* Begin PBXFrameworksBuildPhase section */
		FE41A2A1256D014100EF4508 /* Frameworks */ = {
			isa = PBXFrameworksBuildPhase;
			buildActionMask = 2147483647;
			files = (
			);
			runOnlyForDeploymentPostprocessing = 0;
		};
		FE41A2B7256D014400EF4508 /* Frameworks */ = {
			isa = PBXFrameworksBuildPhase;
			buildActionMask = 2147483647;
			files = (
			);
			runOnlyForDeploymentPostprocessing = 0;
		};
		FE41A2C2256D014400EF4508 /* Frameworks */ = {
			isa = PBXFrameworksBuildPhase;
			buildActionMask = 2147483647;
			files = (
			);
			runOnlyForDeploymentPostprocessing = 0;
		};
/* End PBXFrameworksBuildPhase section */

/* Begin PBXGroup section */
		FE41A29B256D014100EF4508 = {
			isa = PBXGroup;
			children = (
				FE41A2A6256D014100EF4508 /* codingChallange2 */,
				FE41A2BD256D014400EF4508 /* codingChallange2Tests */,
				FE41A2C8256D014400EF4508 /* codingChallange2UITests */,
				FE41A2A5256D014100EF4508 /* Products */,
			);
			sourceTree = "<group>";
		};
		FE41A2A5256D014100EF4508 /* Products */ = {
			isa = PBXGroup;
			children = (
				FE41A2A4256D014100EF4508 /* codingChallange2.app */,
				FE41A2BA256D014400EF4508 /* codingChallange2Tests.xctest */,
				FE41A2C5256D014400EF4508 /* codingChallange2UITests.xctest */,
			);
			name = Products;
			sourceTree = "<group>";
		};
		FE41A2A6256D014100EF4508 /* codingChallange2 */ = {
			isa = PBXGroup;
			children = (
				FE41A30C256D049800EF4508 /* View */,
				FE41A30B256D048C00EF4508 /* Model */,
				FE41A30A256D047F00EF4508 /* View Model */,
				FE41A309256D047300EF4508 /* Container */,
				FE41A2E3256D028900EF4508 /* usSenators.json */,
				FE41A2A7256D014100EF4508 /* AppDelegate.swift */,
				FE41A2A9256D014100EF4508 /* SceneDelegate.swift */,
				FE41A2AB256D014100EF4508 /* ViewController.swift */,
				FE41A2B0256D014400EF4508 /* Assets.xcassets */,
				FE41A2B2256D014400EF4508 /* LaunchScreen.storyboard */,
				FE41A2B5256D014400EF4508 /* Info.plist */,
			);
			path = codingChallange2;
			sourceTree = "<group>";
		};
		FE41A2BD256D014400EF4508 /* codingChallange2Tests */ = {
			isa = PBXGroup;
			children = (
				FE41A2BE256D014400EF4508 /* codingChallange2Tests.swift */,
				FE41A2C0256D014400EF4508 /* Info.plist */,
			);
			path = codingChallange2Tests;
			sourceTree = "<group>";
		};
		FE41A2C8256D014400EF4508 /* codingChallange2UITests */ = {
			isa = PBXGroup;
			children = (
				FE41A2C9256D014400EF4508 /* codingChallange2UITests.swift */,
				FE41A2CB256D014400EF4508 /* Info.plist */,
			);
			path = codingChallange2UITests;
			sourceTree = "<group>";
		};
		FE41A309256D047300EF4508 /* Container */ = {
			isa = PBXGroup;
			children = (
				FE41A2EB256D036E00EF4508 /* Coordinator.swift */,
			);
			path = Container;
			sourceTree = "<group>";
		};
		FE41A30A256D047F00EF4508 /* View Model */ = {
			isa = PBXGroup;
			children = (
				FE41A2F0256D038B00EF4508 /* ContactListViewModel.swift */,
			);
			path = "View Model";
			sourceTree = "<group>";
		};
		FE41A30B256D048C00EF4508 /* Model */ = {
			isa = PBXGroup;
			children = (
				FE41A2F5256D03A700EF4508 /* ContactListModel.swift */,
			);
			path = Model;
			sourceTree = "<group>";
		};
		FE41A30C256D049800EF4508 /* View */ = {
			isa = PBXGroup;
			children = (
				FE41A304256D041A00EF4508 /* DetailsViewController.swift */,
				FE41A2FF256D03FD00EF4508 /* ContactListViewController.swift */,
				FE41A2FA256D03D600EF4508 /* ContactListTableViewCell.swift */,
			);
			path = View;
			sourceTree = "<group>";
		};
/* End PBXGroup section */

/* Begin PBXNativeTarget section */
		FE41A2A3256D014100EF4508 /* codingChallange2 */ = {
			isa = PBXNativeTarget;
			buildConfigurationList = FE41A2CE256D014400EF4508 /* Build configuration list for PBXNativeTarget "codingChallange2" */;
			buildPhases = (
				FE41A2A0256D014100EF4508 /* Sources */,
				FE41A2A1256D014100EF4508 /* Frameworks */,
				FE41A2A2256D014100EF4508 /* Resources */,
			);
			buildRules = (
			);
			dependencies = (
			);
			name = codingChallange2;
			productName = codingChallange2;
			productReference = FE41A2A4256D014100EF4508 /* codingChallange2.app */;
			productType = "com.apple.product-type.application";
		};
		FE41A2B9256D014400EF4508 /* codingChallange2Tests */ = {
			isa = PBXNativeTarget;
			buildConfigurationList = FE41A2D1256D014400EF4508 /* Build configuration list for PBXNativeTarget "codingChallange2Tests" */;
			buildPhases = (
				FE41A2B6256D014400EF4508 /* Sources */,
				FE41A2B7256D014400EF4508 /* Frameworks */,
				FE41A2B8256D014400EF4508 /* Resources */,
			);
			buildRules = (
			);
			dependencies = (
				FE41A2BC256D014400EF4508 /* PBXTargetDependency */,
			);
			name = codingChallange2Tests;
			productName = codingChallange2Tests;
			productReference = FE41A2BA256D014400EF4508 /* codingChallange2Tests.xctest */;
			productType = "com.apple.product-type.bundle.unit-test";
		};
		FE41A2C4256D014400EF4508 /* codingChallange2UITests */ = {
			isa = PBXNativeTarget;
			buildConfigurationList = FE41A2D4256D014400EF4508 /* Build configuration list for PBXNativeTarget "codingChallange2UITests" */;
			buildPhases = (
				FE41A2C1256D014400EF4508 /* Sources */,
				FE41A2C2256D014400EF4508 /* Frameworks */,
				FE41A2C3256D014400EF4508 /* Resources */,
			);
			buildRules = (
			);
			dependencies = (
				FE41A2C7256D014400EF4508 /* PBXTargetDependency */,
			);
			name = codingChallange2UITests;
			productName = codingChallange2UITests;
			productReference = FE41A2C5256D014400EF4508 /* codingChallange2UITests.xctest */;
			productType = "com.apple.product-type.bundle.ui-testing";
		};
/* End PBXNativeTarget section */

/* Begin PBXProject section */
		FE41A29C256D014100EF4508 /* Project object */ = {
			isa = PBXProject;
			attributes = {
				LastSwiftUpdateCheck = 1200;
				LastUpgradeCheck = 1200;
				TargetAttributes = {
					FE41A2A3256D014100EF4508 = {
						CreatedOnToolsVersion = 12.0;
					};
					FE41A2B9256D014400EF4508 = {
						CreatedOnToolsVersion = 12.0;
						TestTargetID = FE41A2A3256D014100EF4508;
					};
					FE41A2C4256D014400EF4508 = {
						CreatedOnToolsVersion = 12.0;
						TestTargetID = FE41A2A3256D014100EF4508;
					};
				};
			};
			buildConfigurationList = FE41A29F256D014100EF4508 /* Build configuration list for PBXProject "codingChallange2" */;
			compatibilityVersion = "Xcode 9.3";
			developmentRegion = en;
			hasScannedForEncodings = 0;
			knownRegions = (
				en,
				Base,
			);
			mainGroup = FE41A29B256D014100EF4508;
			productRefGroup = FE41A2A5256D014100EF4508 /* Products */;
			projectDirPath = "";
			projectRoot = "";
			targets = (
				FE41A2A3256D014100EF4508 /* codingChallange2 */,
				FE41A2B9256D014400EF4508 /* codingChallange2Tests */,
				FE41A2C4256D014400EF4508 /* codingChallange2UITests */,
			);
		};
/* End PBXProject section */

/* Begin PBXResourcesBuildPhase section */
		FE41A2A2256D014100EF4508 /* Resources */ = {
			isa = PBXResourcesBuildPhase;
			buildActionMask = 2147483647;
			files = (
				FE41A2E4256D028900EF4508 /* usSenators.json in Resources */,
				FE41A2B4256D014400EF4508 /* LaunchScreen.storyboard in Resources */,
				FE41A2B1256D014400EF4508 /* Assets.xcassets in Resources */,
			);
			runOnlyForDeploymentPostprocessing = 0;
		};
		FE41A2B8256D014400EF4508 /* Resources */ = {
			isa = PBXResourcesBuildPhase;
			buildActionMask = 2147483647;
			files = (
			);
			runOnlyForDeploymentPostprocessing = 0;
		};
		FE41A2C3256D014400EF4508 /* Resources */ = {
			isa = PBXResourcesBuildPhase;
			buildActionMask = 2147483647;
			files = (
			);
			runOnlyForDeploymentPostprocessing = 0;
		};
/* End PBXResourcesBuildPhase section */

/* Begin PBXSourcesBuildPhase section */
		FE41A2A0256D014100EF4508 /* Sources */ = {
			isa = PBXSourcesBuildPhase;
			buildActionMask = 2147483647;
			files = (
				FE41A2F1256D038B00EF4508 /* ContactListViewModel.swift in Sources */,
				FE41A300256D03FD00EF4508 /* ContactListViewController.swift in Sources */,
				FE41A305256D041A00EF4508 /* DetailsViewController.swift in Sources */,
				FE41A2EC256D036E00EF4508 /* Coordinator.swift in Sources */,
				FE41A2F6256D03A700EF4508 /* ContactListModel.swift in Sources */,
				FE41A2AC256D014100EF4508 /* ViewController.swift in Sources */,
				FE41A2A8256D014100EF4508 /* AppDelegate.swift in Sources */,
				FE41A2AA256D014100EF4508 /* SceneDelegate.swift in Sources */,
				FE41A2FB256D03D600EF4508 /* ContactListTableViewCell.swift in Sources */,
			);
			runOnlyForDeploymentPostprocessing = 0;
		};
		FE41A2B6256D014400EF4508 /* Sources */ = {
			isa = PBXSourcesBuildPhase;
			buildActionMask = 2147483647;
			files = (
				FE41A2BF256D014400EF4508 /* codingChallange2Tests.swift in Sources */,
			);
			runOnlyForDeploymentPostprocessing = 0;
		};
		FE41A2C1256D014400EF4508 /* Sources */ = {
			isa = PBXSourcesBuildPhase;
			buildActionMask = 2147483647;
			files = (
				FE41A2CA256D014400EF4508 /* codingChallange2UITests.swift in Sources */,
			);
			runOnlyForDeploymentPostprocessing = 0;
		};
/* End PBXSourcesBuildPhase section */

/* Begin PBXTargetDependency section */
		FE41A2BC256D014400EF4508 /* PBXTargetDependency */ = {
			isa = PBXTargetDependency;
			target = FE41A2A3256D014100EF4508 /* codingChallange2 */;
			targetProxy = FE41A2BB256D014400EF4508 /* PBXContainerItemProxy */;
		};
		FE41A2C7256D014400EF4508 /* PBXTargetDependency */ = {
			isa = PBXTargetDependency;
			target = FE41A2A3256D014100EF4508 /* codingChallange2 */;
			targetProxy = FE41A2C6256D014400EF4508 /* PBXContainerItemProxy */;
		};
/* End PBXTargetDependency section */

/* Begin PBXVariantGroup section */
		FE41A2B2256D014400EF4508 /* LaunchScreen.storyboard */ = {
			isa = PBXVariantGroup;
			children = (
				FE41A2B3256D014400EF4508 /* Base */,
			);
			name = LaunchScreen.storyboard;
			sourceTree = "<group>";
		};
/* End PBXVariantGroup section */

/* Begin XCBuildConfiguration section */
		FE41A2CC256D014400EF4508 /* Debug */ = {
			isa = XCBuildConfiguration;
			buildSettings = {
				ALWAYS_SEARCH_USER_PATHS = NO;
				CLANG_ANALYZER_NONNULL = YES;
				CLANG_ANALYZER_NUMBER_OBJECT_CONVERSION = YES_AGGRESSIVE;
				CLANG_CXX_LANGUAGE_STANDARD = "gnu++14";
				CLANG_CXX_LIBRARY = "libc++";
				CLANG_ENABLE_MODULES = YES;
				CLANG_ENABLE_OBJC_ARC = YES;
				CLANG_ENABLE_OBJC_WEAK = YES;
				CLANG_WARN_BLOCK_CAPTURE_AUTORELEASING = YES;
				CLANG_WARN_BOOL_CONVERSION = YES;
				CLANG_WARN_COMMA = YES;
				CLANG_WARN_CONSTANT_CONVERSION = YES;
				CLANG_WARN_DEPRECATED_OBJC_IMPLEMENTATIONS = YES;
				CLANG_WARN_DIRECT_OBJC_ISA_USAGE = YES_ERROR;
				CLANG_WARN_DOCUMENTATION_COMMENTS = YES;
				CLANG_WARN_EMPTY_BODY = YES;
				CLANG_WARN_ENUM_CONVERSION = YES;
				CLANG_WARN_INFINITE_RECURSION = YES;
				CLANG_WARN_INT_CONVERSION = YES;
				CLANG_WARN_NON_LITERAL_NULL_CONVERSION = YES;
				CLANG_WARN_OBJC_IMPLICIT_RETAIN_SELF = YES;
				CLANG_WARN_OBJC_LITERAL_CONVERSION = YES;
				CLANG_WARN_OBJC_ROOT_CLASS = YES_ERROR;
				CLANG_WARN_QUOTED_INCLUDE_IN_FRAMEWORK_HEADER = YES;
				CLANG_WARN_RANGE_LOOP_ANALYSIS = YES;
				CLANG_WARN_STRICT_PROTOTYPES = YES;
				CLANG_WARN_SUSPICIOUS_MOVE = YES;
				CLANG_WARN_UNGUARDED_AVAILABILITY = YES_AGGRESSIVE;
				CLANG_WARN_UNREACHABLE_CODE = YES;
				CLANG_WARN__DUPLICATE_METHOD_MATCH = YES;
				COPY_PHASE_STRIP = NO;
				DEBUG_INFORMATION_FORMAT = dwarf;
				ENABLE_STRICT_OBJC_MSGSEND = YES;
				ENABLE_TESTABILITY = YES;
				GCC_C_LANGUAGE_STANDARD = gnu11;
				GCC_DYNAMIC_NO_PIC = NO;
				GCC_NO_COMMON_BLOCKS = YES;
				GCC_OPTIMIZATION_LEVEL = 0;
				GCC_PREPROCESSOR_DEFINITIONS = (
					"DEBUG=1",
					"$(inherited)",
				);
				GCC_WARN_64_TO_32_BIT_CONVERSION = YES;
				GCC_WARN_ABOUT_RETURN_TYPE = YES_ERROR;
				GCC_WARN_UNDECLARED_SELECTOR = YES;
				GCC_WARN_UNINITIALIZED_AUTOS = YES_AGGRESSIVE;
				GCC_WARN_UNUSED_FUNCTION = YES;
				GCC_WARN_UNUSED_VARIABLE = YES;
				IPHONEOS_DEPLOYMENT_TARGET = 14.0;
				MTL_ENABLE_DEBUG_INFO = INCLUDE_SOURCE;
				MTL_FAST_MATH = YES;
				ONLY_ACTIVE_ARCH = YES;
				SDKROOT = iphoneos;
				SWIFT_ACTIVE_COMPILATION_CONDITIONS = DEBUG;
				SWIFT_OPTIMIZATION_LEVEL = "-Onone";
			};
			name = Debug;
		};
		FE41A2CD256D014400EF4508 /* Release */ = {
			isa = XCBuildConfiguration;
			buildSettings = {
				ALWAYS_SEARCH_USER_PATHS = NO;
				CLANG_ANALYZER_NONNULL = YES;
				CLANG_ANALYZER_NUMBER_OBJECT_CONVERSION = YES_AGGRESSIVE;
				CLANG_CXX_LANGUAGE_STANDARD = "gnu++14";
				CLANG_CXX_LIBRARY = "libc++";
				CLANG_ENABLE_MODULES = YES;
				CLANG_ENABLE_OBJC_ARC = YES;
				CLANG_ENABLE_OBJC_WEAK = YES;
				CLANG_WARN_BLOCK_CAPTURE_AUTORELEASING = YES;
				CLANG_WARN_BOOL_CONVERSION = YES;
				CLANG_WARN_COMMA = YES;
				CLANG_WARN_CONSTANT_CONVERSION = YES;
				CLANG_WARN_DEPRECATED_OBJC_IMPLEMENTATIONS = YES;
				CLANG_WARN_DIRECT_OBJC_ISA_USAGE = YES_ERROR;
				CLANG_WARN_DOCUMENTATION_COMMENTS = YES;
				CLANG_WARN_EMPTY_BODY = YES;
				CLANG_WARN_ENUM_CONVERSION = YES;
				CLANG_WARN_INFINITE_RECURSION = YES;
				CLANG_WARN_INT_CONVERSION = YES;
				CLANG_WARN_NON_LITERAL_NULL_CONVERSION = YES;
				CLANG_WARN_OBJC_IMPLICIT_RETAIN_SELF = YES;
				CLANG_WARN_OBJC_LITERAL_CONVERSION = YES;
				CLANG_WARN_OBJC_ROOT_CLASS = YES_ERROR;
				CLANG_WARN_QUOTED_INCLUDE_IN_FRAMEWORK_HEADER = YES;
				CLANG_WARN_RANGE_LOOP_ANALYSIS = YES;
				CLANG_WARN_STRICT_PROTOTYPES = YES;
				CLANG_WARN_SUSPICIOUS_MOVE = YES;
				CLANG_WARN_UNGUARDED_AVAILABILITY = YES_AGGRESSIVE;
				CLANG_WARN_UNREACHABLE_CODE = YES;
				CLANG_WARN__DUPLICATE_METHOD_MATCH = YES;
				COPY_PHASE_STRIP = NO;
				DEBUG_INFORMATION_FORMAT = "dwarf-with-dsym";
				ENABLE_NS_ASSERTIONS = NO;
				ENABLE_STRICT_OBJC_MSGSEND = YES;
				GCC_C_LANGUAGE_STANDARD = gnu11;
				GCC_NO_COMMON_BLOCKS = YES;
				GCC_WARN_64_TO_32_BIT_CONVERSION = YES;
				GCC_WARN_ABOUT_RETURN_TYPE = YES_ERROR;
				GCC_WARN_UNDECLARED_SELECTOR = YES;
				GCC_WARN_UNINITIALIZED_AUTOS = YES_AGGRESSIVE;
				GCC_WARN_UNUSED_FUNCTION = YES;
				GCC_WARN_UNUSED_VARIABLE = YES;
				IPHONEOS_DEPLOYMENT_TARGET = 14.0;
				MTL_ENABLE_DEBUG_INFO = NO;
				MTL_FAST_MATH = YES;
				SDKROOT = iphoneos;
				SWIFT_COMPILATION_MODE = wholemodule;
				SWIFT_OPTIMIZATION_LEVEL = "-O";
				VALIDATE_PRODUCT = YES;
			};
			name = Release;
		};
		FE41A2CF256D014400EF4508 /* Debug */ = {
			isa = XCBuildConfiguration;
			buildSettings = {
				ASSETCATALOG_COMPILER_APPICON_NAME = AppIcon;
				ASSETCATALOG_COMPILER_GLOBAL_ACCENT_COLOR_NAME = AccentColor;
				CODE_SIGN_STYLE = Automatic;
				INFOPLIST_FILE = codingChallange2/Info.plist;
				LD_RUNPATH_SEARCH_PATHS = (
					"$(inherited)",
					"@executable_path/Frameworks",
				);
				PRODUCT_BUNDLE_IDENTIFIER = t.codingChallange2;
				PRODUCT_NAME = "$(TARGET_NAME)";
				SWIFT_VERSION = 5.0;
				TARGETED_DEVICE_FAMILY = "1,2";
			};
			name = Debug;
		};
		FE41A2D0256D014400EF4508 /* Release */ = {
			isa = XCBuildConfiguration;
			buildSettings = {
				ASSETCATALOG_COMPILER_APPICON_NAME = AppIcon;
				ASSETCATALOG_COMPILER_GLOBAL_ACCENT_COLOR_NAME = AccentColor;
				CODE_SIGN_STYLE = Automatic;
				INFOPLIST_FILE = codingChallange2/Info.plist;
				LD_RUNPATH_SEARCH_PATHS = (
					"$(inherited)",
					"@executable_path/Frameworks",
				);
				PRODUCT_BUNDLE_IDENTIFIER = t.codingChallange2;
				PRODUCT_NAME = "$(TARGET_NAME)";
				SWIFT_VERSION = 5.0;
				TARGETED_DEVICE_FAMILY = "1,2";
			};
			name = Release;
		};
		FE41A2D2256D014400EF4508 /* Debug */ = {
			isa = XCBuildConfiguration;
			buildSettings = {
				ALWAYS_EMBED_SWIFT_STANDARD_LIBRARIES = YES;
				BUNDLE_LOADER = "$(TEST_HOST)";
				CODE_SIGN_STYLE = Automatic;
				INFOPLIST_FILE = codingChallange2Tests/Info.plist;
				IPHONEOS_DEPLOYMENT_TARGET = 14.0;
				LD_RUNPATH_SEARCH_PATHS = (
					"$(inherited)",
					"@executable_path/Frameworks",
					"@loader_path/Frameworks",
				);
				PRODUCT_BUNDLE_IDENTIFIER = t.codingChallange2Tests;
				PRODUCT_NAME = "$(TARGET_NAME)";
				SWIFT_VERSION = 5.0;
				TARGETED_DEVICE_FAMILY = "1,2";
				TEST_HOST = "$(BUILT_PRODUCTS_DIR)/codingChallange2.app/codingChallange2";
			};
			name = Debug;
		};
		FE41A2D3256D014400EF4508 /* Release */ = {
			isa = XCBuildConfiguration;
			buildSettings = {
				ALWAYS_EMBED_SWIFT_STANDARD_LIBRARIES = YES;
				BUNDLE_LOADER = "$(TEST_HOST)";
				CODE_SIGN_STYLE = Automatic;
				INFOPLIST_FILE = codingChallange2Tests/Info.plist;
				IPHONEOS_DEPLOYMENT_TARGET = 14.0;
				LD_RUNPATH_SEARCH_PATHS = (
					"$(inherited)",
					"@executable_path/Frameworks",
					"@loader_path/Frameworks",
				);
				PRODUCT_BUNDLE_IDENTIFIER = t.codingChallange2Tests;
				PRODUCT_NAME = "$(TARGET_NAME)";
				SWIFT_VERSION = 5.0;
				TARGETED_DEVICE_FAMILY = "1,2";
				TEST_HOST = "$(BUILT_PRODUCTS_DIR)/codingChallange2.app/codingChallange2";
			};
			name = Release;
		};
		FE41A2D5256D014400EF4508 /* Debug */ = {
			isa = XCBuildConfiguration;
			buildSettings = {
				ALWAYS_EMBED_SWIFT_STANDARD_LIBRARIES = YES;
				CODE_SIGN_STYLE = Automatic;
				INFOPLIST_FILE = codingChallange2UITests/Info.plist;
				LD_RUNPATH_SEARCH_PATHS = (
					"$(inherited)",
					"@executable_path/Frameworks",
					"@loader_path/Frameworks",
				);
				PRODUCT_BUNDLE_IDENTIFIER = t.codingChallange2UITests;
				PRODUCT_NAME = "$(TARGET_NAME)";
				SWIFT_VERSION = 5.0;
				TARGETED_DEVICE_FAMILY = "1,2";
				TEST_TARGET_NAME = codingChallange2;
			};
			name = Debug;
		};
		FE41A2D6256D014400EF4508 /* Release */ = {
			isa = XCBuildConfiguration;
			buildSettings = {
				ALWAYS_EMBED_SWIFT_STANDARD_LIBRARIES = YES;
				CODE_SIGN_STYLE = Automatic;
				INFOPLIST_FILE = codingChallange2UITests/Info.plist;
				LD_RUNPATH_SEARCH_PATHS = (
					"$(inherited)",
					"@executable_path/Frameworks",
					"@loader_path/Frameworks",
				);
				PRODUCT_BUNDLE_IDENTIFIER = t.codingChallange2UITests;
				PRODUCT_NAME = "$(TARGET_NAME)";
				SWIFT_VERSION = 5.0;
				TARGETED_DEVICE_FAMILY = "1,2";
				TEST_TARGET_NAME = codingChallange2;
			};
			name = Release;
		};
/* End XCBuildConfiguration section */

/* Begin XCConfigurationList section */
		FE41A29F256D014100EF4508 /* Build configuration list for PBXProject "codingChallange2" */ = {
			isa = XCConfigurationList;
			buildConfigurations = (
				FE41A2CC256D014400EF4508 /* Debug */,
				FE41A2CD256D014400EF4508 /* Release */,
			);
			defaultConfigurationIsVisible = 0;
			defaultConfigurationName = Release;
		};
		FE41A2CE256D014400EF4508 /* Build configuration list for PBXNativeTarget "codingChallange2" */ = {
			isa = XCConfigurationList;
			buildConfigurations = (
				FE41A2CF256D014400EF4508 /* Debug */,
				FE41A2D0256D014400EF4508 /* Release */,
			);
			defaultConfigurationIsVisible = 0;
			defaultConfigurationName = Release;
		};
		FE41A2D1256D014400EF4508 /* Build configuration list for PBXNativeTarget "codingChallange2Tests" */ = {
			isa = XCConfigurationList;
			buildConfigurations = (
				FE41A2D2256D014400EF4508 /* Debug */,
				FE41A2D3256D014400EF4508 /* Release */,
			);
			defaultConfigurationIsVisible = 0;
			defaultConfigurationName = Release;
		};
		FE41A2D4256D014400EF4508 /* Build configuration list for PBXNativeTarget "codingChallange2UITests" */ = {
			isa = XCConfigurationList;
			buildConfigurations = (
				FE41A2D5256D014400EF4508 /* Debug */,
				FE41A2D6256D014400EF4508 /* Release */,
			);
			defaultConfigurationIsVisible = 0;
			defaultConfigurationName = Release;
		};
/* End XCConfigurationList section */
	};
	rootObject = FE41A29C256D014100EF4508 /* Project object */;
}
